// !$*UTF8*$!
{
	archiveVersion = 1;
	classes = {
	};
	objectVersion = 77;
	objects = {

/* Begin PBXBuildFile section */
		483BA7E02DD0DA0D007C0053 /* Moya in Frameworks */ = {isa = PBXBuildFile; productRef = 483BA7DF2DD0DA0D007C0053 /* Moya */; };
		483BA8072DD0E5C3007C0053 /* KakaoSDK in Frameworks */ = {isa = PBXBuildFile; productRef = 483BA8062DD0E5C3007C0053 /* KakaoSDK */; };
		483BA8092DD0E5C3007C0053 /* KakaoSDKAuth in Frameworks */ = {isa = PBXBuildFile; productRef = 483BA8082DD0E5C3007C0053 /* KakaoSDKAuth */; };
		483BA80B2DD0E5C3007C0053 /* KakaoSDKCommon in Frameworks */ = {isa = PBXBuildFile; productRef = 483BA80A2DD0E5C3007C0053 /* KakaoSDKCommon */; };
		483BA80D2DD0E5C3007C0053 /* KakaoSDKShare in Frameworks */ = {isa = PBXBuildFile; productRef = 483BA80C2DD0E5C3007C0053 /* KakaoSDKShare */; };
		483BA8102DD0E616007C0053 /* KakaoSDKUser in Frameworks */ = {isa = PBXBuildFile; productRef = 483BA80F2DD0E616007C0053 /* KakaoSDKUser */; };
		483BA8122DD0E620007C0053 /* KakaoSDKFriend in Frameworks */ = {isa = PBXBuildFile; productRef = 483BA8112DD0E620007C0053 /* KakaoSDKFriend */; };
/* End PBXBuildFile section */

/* Begin PBXFileReference section */
		1EFB02C22DCB91BE002C557F /* hAIr.app */ = {isa = PBXFileReference; explicitFileType = wrapper.application; includeInIndex = 0; path = hAIr.app; sourceTree = BUILT_PRODUCTS_DIR; };
/* End PBXFileReference section */

/* Begin PBXFileSystemSynchronizedBuildFileExceptionSet section */
		1E2B22CD2DCBA91E005E5795 /* Exceptions for "hAIr" folder in "hAIr" target */ = {
			isa = PBXFileSystemSynchronizedBuildFileExceptionSet;
			membershipExceptions = (
				Resource/Info.plist,
			);
			target = 1EFB02C12DCB91BE002C557F /* hAIr */;
		};
/* End PBXFileSystemSynchronizedBuildFileExceptionSet section */

/* Begin PBXFileSystemSynchronizedRootGroup section */
		1EFB02C42DCB91BE002C557F /* hAIr */ = {
			isa = PBXFileSystemSynchronizedRootGroup;
			exceptions = (
				1E2B22CD2DCBA91E005E5795 /* Exceptions for "hAIr" folder in "hAIr" target */,
			);
			path = hAIr;
			sourceTree = "<group>";
		};
/* End PBXFileSystemSynchronizedRootGroup section */

/* Begin PBXFrameworksBuildPhase section */
		1EFB02BF2DCB91BE002C557F /* Frameworks */ = {
			isa = PBXFrameworksBuildPhase;
			buildActionMask = 2147483647;
			files = (
				483BA80B2DD0E5C3007C0053 /* KakaoSDKCommon in Frameworks */,
				483BA8122DD0E620007C0053 /* KakaoSDKFriend in Frameworks */,
				483BA7E02DD0DA0D007C0053 /* Moya in Frameworks */,
				483BA8102DD0E616007C0053 /* KakaoSDKUser in Frameworks */,
				483BA80D2DD0E5C3007C0053 /* KakaoSDKShare in Frameworks */,
				483BA8072DD0E5C3007C0053 /* KakaoSDK in Frameworks */,
				483BA8092DD0E5C3007C0053 /* KakaoSDKAuth in Frameworks */,
			);
			runOnlyForDeploymentPostprocessing = 0;
		};
/* End PBXFrameworksBuildPhase section */

/* Begin PBXGroup section */
		1EFB02B92DCB91BE002C557F = {
			isa = PBXGroup;
			children = (
				1EFB02C42DCB91BE002C557F /* hAIr */,
				483BA80E2DD0E616007C0053 /* Frameworks */,
				1EFB02C32DCB91BE002C557F /* Products */,
			);
			sourceTree = "<group>";
		};
		1EFB02C32DCB91BE002C557F /* Products */ = {
			isa = PBXGroup;
			children = (
				1EFB02C22DCB91BE002C557F /* hAIr.app */,
			);
			name = Products;
			sourceTree = "<group>";
		};
		483BA80E2DD0E616007C0053 /* Frameworks */ = {
			isa = PBXGroup;
			children = (
			);
			name = Frameworks;
			sourceTree = "<group>";
		};
/* End PBXGroup section */

/* Begin PBXNativeTarget section */
		1EFB02C12DCB91BE002C557F /* hAIr */ = {
			isa = PBXNativeTarget;
			buildConfigurationList = 1EFB02D02DCB91C1002C557F /* Build configuration list for PBXNativeTarget "hAIr" */;
			buildPhases = (
				1EFB02BE2DCB91BE002C557F /* Sources */,
				1EFB02BF2DCB91BE002C557F /* Frameworks */,
				1EFB02C02DCB91BE002C557F /* Resources */,
			);
			buildRules = (
			);
			dependencies = (
			);
			fileSystemSynchronizedGroups = (
				1EFB02C42DCB91BE002C557F /* hAIr */,
			);
			name = hAIr;
			packageProductDependencies = (
				483BA7DF2DD0DA0D007C0053 /* Moya */,
				483BA8062DD0E5C3007C0053 /* KakaoSDK */,
				483BA8082DD0E5C3007C0053 /* KakaoSDKAuth */,
				483BA80A2DD0E5C3007C0053 /* KakaoSDKCommon */,
				483BA80C2DD0E5C3007C0053 /* KakaoSDKShare */,
				483BA80F2DD0E616007C0053 /* KakaoSDKUser */,
				483BA8112DD0E620007C0053 /* KakaoSDKFriend */,
			);
			productName = hAIr;
			productReference = 1EFB02C22DCB91BE002C557F /* hAIr.app */;
			productType = "com.apple.product-type.application";
		};
/* End PBXNativeTarget section */

/* Begin PBXProject section */
		1EFB02BA2DCB91BE002C557F /* Project object */ = {
			isa = PBXProject;
			attributes = {
				BuildIndependentTargetsInParallel = 1;
				LastSwiftUpdateCheck = 1620;
				LastUpgradeCheck = 1620;
				TargetAttributes = {
					1EFB02C12DCB91BE002C557F = {
						CreatedOnToolsVersion = 16.2;
					};
				};
			};
			buildConfigurationList = 1EFB02BD2DCB91BE002C557F /* Build configuration list for PBXProject "hAIr" */;
			developmentRegion = en;
			hasScannedForEncodings = 0;
			knownRegions = (
				en,
				Base,
			);
			mainGroup = 1EFB02B92DCB91BE002C557F;
			minimizedProjectReferenceProxies = 1;
			packageReferences = (
				483BA7DE2DD0DA0D007C0053 /* XCRemoteSwiftPackageReference "Moya" */,
				483BA8052DD0E5C3007C0053 /* XCRemoteSwiftPackageReference "kakao-ios-sdk" */,
			);
			preferredProjectObjectVersion = 77;
			productRefGroup = 1EFB02C32DCB91BE002C557F /* Products */;
			projectDirPath = "";
			projectRoot = "";
			targets = (
				1EFB02C12DCB91BE002C557F /* hAIr */,
			);
		};
/* End PBXProject section */

/* Begin PBXResourcesBuildPhase section */
		1EFB02C02DCB91BE002C557F /* Resources */ = {
			isa = PBXResourcesBuildPhase;
			buildActionMask = 2147483647;
			files = (
			);
			runOnlyForDeploymentPostprocessing = 0;
		};
/* End PBXResourcesBuildPhase section */

/* Begin PBXSourcesBuildPhase section */
		1EFB02BE2DCB91BE002C557F /* Sources */ = {
			isa = PBXSourcesBuildPhase;
			buildActionMask = 2147483647;
			files = (
			);
			runOnlyForDeploymentPostprocessing = 0;
		};
/* End PBXSourcesBuildPhase section */

/* Begin XCBuildConfiguration section */
		1EFB02CE2DCB91C1002C557F /* Debug */ = {
			isa = XCBuildConfiguration;
			buildSettings = {
				ALWAYS_SEARCH_USER_PATHS = NO;
				ASSETCATALOG_COMPILER_GENERATE_SWIFT_ASSET_SYMBOL_EXTENSIONS = YES;
				CLANG_ANALYZER_NONNULL = YES;
				CLANG_ANALYZER_NUMBER_OBJECT_CONVERSION = YES_AGGRESSIVE;
				CLANG_CXX_LANGUAGE_STANDARD = "gnu++20";
				CLANG_ENABLE_MODULES = YES;
				CLANG_ENABLE_OBJC_ARC = YES;
				CLANG_ENABLE_OBJC_WEAK = YES;
				CLANG_WARN_BLOCK_CAPTURE_AUTORELEASING = YES;
				CLANG_WARN_BOOL_CONVERSION = YES;
				CLANG_WARN_COMMA = YES;
				CLANG_WARN_CONSTANT_CONVERSION = YES;
				CLANG_WARN_DEPRECATED_OBJC_IMPLEMENTATIONS = YES;
				CLANG_WARN_DIRECT_OBJC_ISA_USAGE = YES_ERROR;
				CLANG_WARN_DOCUMENTATION_COMMENTS = YES;
				CLANG_WARN_EMPTY_BODY = YES;
				CLANG_WARN_ENUM_CONVERSION = YES;
				CLANG_WARN_INFINITE_RECURSION = YES;
				CLANG_WARN_INT_CONVERSION = YES;
				CLANG_WARN_NON_LITERAL_NULL_CONVERSION = YES;
				CLANG_WARN_OBJC_IMPLICIT_RETAIN_SELF = YES;
				CLANG_WARN_OBJC_LITERAL_CONVERSION = YES;
				CLANG_WARN_OBJC_ROOT_CLASS = YES_ERROR;
				CLANG_WARN_QUOTED_INCLUDE_IN_FRAMEWORK_HEADER = YES;
				CLANG_WARN_RANGE_LOOP_ANALYSIS = YES;
				CLANG_WARN_STRICT_PROTOTYPES = YES;
				CLANG_WARN_SUSPICIOUS_MOVE = YES;
				CLANG_WARN_UNGUARDED_AVAILABILITY = YES_AGGRESSIVE;
				CLANG_WARN_UNREACHABLE_CODE = YES;
				CLANG_WARN__DUPLICATE_METHOD_MATCH = YES;
				COPY_PHASE_STRIP = NO;
				DEBUG_INFORMATION_FORMAT = dwarf;
				ENABLE_STRICT_OBJC_MSGSEND = YES;
				ENABLE_TESTABILITY = YES;
				ENABLE_USER_SCRIPT_SANDBOXING = YES;
				GCC_C_LANGUAGE_STANDARD = gnu17;
				GCC_DYNAMIC_NO_PIC = NO;
				GCC_NO_COMMON_BLOCKS = YES;
				GCC_OPTIMIZATION_LEVEL = 0;
				GCC_PREPROCESSOR_DEFINITIONS = (
					"DEBUG=1",
					"$(inherited)",
				);
				GCC_WARN_64_TO_32_BIT_CONVERSION = YES;
				GCC_WARN_ABOUT_RETURN_TYPE = YES_ERROR;
				GCC_WARN_UNDECLARED_SELECTOR = YES;
				GCC_WARN_UNINITIALIZED_AUTOS = YES_AGGRESSIVE;
				GCC_WARN_UNUSED_FUNCTION = YES;
				GCC_WARN_UNUSED_VARIABLE = YES;
				INFOPLIST_FILE = "$(SRCROOT)/hAIr/Resource/Info.plist";
				IPHONEOS_DEPLOYMENT_TARGET = 18.2;
				LOCALIZATION_PREFERS_STRING_CATALOGS = YES;
				MTL_ENABLE_DEBUG_INFO = INCLUDE_SOURCE;
				MTL_FAST_MATH = YES;
				ONLY_ACTIVE_ARCH = YES;
				SDKROOT = iphoneos;
				SWIFT_ACTIVE_COMPILATION_CONDITIONS = "DEBUG $(inherited)";
				SWIFT_OPTIMIZATION_LEVEL = "-Onone";
			};
			name = Debug;
		};
		1EFB02CF2DCB91C1002C557F /* Release */ = {
			isa = XCBuildConfiguration;
			buildSettings = {
				ALWAYS_SEARCH_USER_PATHS = NO;
				ASSETCATALOG_COMPILER_GENERATE_SWIFT_ASSET_SYMBOL_EXTENSIONS = YES;
				CLANG_ANALYZER_NONNULL = YES;
				CLANG_ANALYZER_NUMBER_OBJECT_CONVERSION = YES_AGGRESSIVE;
				CLANG_CXX_LANGUAGE_STANDARD = "gnu++20";
				CLANG_ENABLE_MODULES = YES;
				CLANG_ENABLE_OBJC_ARC = YES;
				CLANG_ENABLE_OBJC_WEAK = YES;
				CLANG_WARN_BLOCK_CAPTURE_AUTORELEASING = YES;
				CLANG_WARN_BOOL_CONVERSION = YES;
				CLANG_WARN_COMMA = YES;
				CLANG_WARN_CONSTANT_CONVERSION = YES;
				CLANG_WARN_DEPRECATED_OBJC_IMPLEMENTATIONS = YES;
				CLANG_WARN_DIRECT_OBJC_ISA_USAGE = YES_ERROR;
				CLANG_WARN_DOCUMENTATION_COMMENTS = YES;
				CLANG_WARN_EMPTY_BODY = YES;
				CLANG_WARN_ENUM_CONVERSION = YES;
				CLANG_WARN_INFINITE_RECURSION = YES;
				CLANG_WARN_INT_CONVERSION = YES;
				CLANG_WARN_NON_LITERAL_NULL_CONVERSION = YES;
				CLANG_WARN_OBJC_IMPLICIT_RETAIN_SELF = YES;
				CLANG_WARN_OBJC_LITERAL_CONVERSION = YES;
				CLANG_WARN_OBJC_ROOT_CLASS = YES_ERROR;
				CLANG_WARN_QUOTED_INCLUDE_IN_FRAMEWORK_HEADER = YES;
				CLANG_WARN_RANGE_LOOP_ANALYSIS = YES;
				CLANG_WARN_STRICT_PROTOTYPES = YES;
				CLANG_WARN_SUSPICIOUS_MOVE = YES;
				CLANG_WARN_UNGUARDED_AVAILABILITY = YES_AGGRESSIVE;
				CLANG_WARN_UNREACHABLE_CODE = YES;
				CLANG_WARN__DUPLICATE_METHOD_MATCH = YES;
				COPY_PHASE_STRIP = NO;
				DEBUG_INFORMATION_FORMAT = "dwarf-with-dsym";
				ENABLE_NS_ASSERTIONS = NO;
				ENABLE_STRICT_OBJC_MSGSEND = YES;
				ENABLE_USER_SCRIPT_SANDBOXING = YES;
				GCC_C_LANGUAGE_STANDARD = gnu17;
				GCC_NO_COMMON_BLOCKS = YES;
				GCC_WARN_64_TO_32_BIT_CONVERSION = YES;
				GCC_WARN_ABOUT_RETURN_TYPE = YES_ERROR;
				GCC_WARN_UNDECLARED_SELECTOR = YES;
				GCC_WARN_UNINITIALIZED_AUTOS = YES_AGGRESSIVE;
				GCC_WARN_UNUSED_FUNCTION = YES;
				GCC_WARN_UNUSED_VARIABLE = YES;
				INFOPLIST_FILE = "$(SRCROOT)/hAIr/Resource/Info.plist";
				IPHONEOS_DEPLOYMENT_TARGET = 18.2;
				LOCALIZATION_PREFERS_STRING_CATALOGS = YES;
				MTL_ENABLE_DEBUG_INFO = NO;
				MTL_FAST_MATH = YES;
				SDKROOT = iphoneos;
				SWIFT_COMPILATION_MODE = wholemodule;
				VALIDATE_PRODUCT = YES;
			};
			name = Release;
		};
		1EFB02D12DCB91C1002C557F /* Debug */ = {
			isa = XCBuildConfiguration;
			buildSettings = {
				ASSETCATALOG_COMPILER_APPICON_NAME = AppIcon;
				ASSETCATALOG_COMPILER_GLOBAL_ACCENT_COLOR_NAME = AccentColor;
				CODE_SIGN_STYLE = Automatic;
				CURRENT_PROJECT_VERSION = 1;
				DEVELOPMENT_ASSET_PATHS = "\"hAIr/Preview Content\"";
				ENABLE_PREVIEWS = YES;
				GENERATE_INFOPLIST_FILE = YES;
				INFOPLIST_KEY_UIApplicationSceneManifest_Generation = YES;
				INFOPLIST_KEY_UIApplicationSupportsIndirectInputEvents = YES;
				INFOPLIST_KEY_UILaunchScreen_Generation = YES;
				INFOPLIST_KEY_UISupportedInterfaceOrientations_iPad = "UIInterfaceOrientationPortrait UIInterfaceOrientationPortraitUpsideDown UIInterfaceOrientationLandscapeLeft UIInterfaceOrientationLandscapeRight";
				INFOPLIST_KEY_UISupportedInterfaceOrientations_iPhone = "UIInterfaceOrientationPortrait UIInterfaceOrientationLandscapeLeft UIInterfaceOrientationLandscapeRight";
				LD_RUNPATH_SEARCH_PATHS = (
					"$(inherited)",
					"@executable_path/Frameworks",
				);
				MARKETING_VERSION = 1.0;
				PRODUCT_BUNDLE_IDENTIFIER = SoftwareProject.hAIr;
				PRODUCT_NAME = "$(TARGET_NAME)";
				SWIFT_EMIT_LOC_STRINGS = YES;
				SWIFT_VERSION = 5.0;
				TARGETED_DEVICE_FAMILY = "1,2";
			};
			name = Debug;
		};
		1EFB02D22DCB91C1002C557F /* Release */ = {
			isa = XCBuildConfiguration;
			buildSettings = {
				ASSETCATALOG_COMPILER_APPICON_NAME = AppIcon;
				ASSETCATALOG_COMPILER_GLOBAL_ACCENT_COLOR_NAME = AccentColor;
				CODE_SIGN_STYLE = Automatic;
				CURRENT_PROJECT_VERSION = 1;
				DEVELOPMENT_ASSET_PATHS = "\"hAIr/Preview Content\"";
				ENABLE_PREVIEWS = YES;
				GENERATE_INFOPLIST_FILE = YES;
				INFOPLIST_KEY_UIApplicationSceneManifest_Generation = YES;
				INFOPLIST_KEY_UIApplicationSupportsIndirectInputEvents = YES;
				INFOPLIST_KEY_UILaunchScreen_Generation = YES;
				INFOPLIST_KEY_UISupportedInterfaceOrientations_iPad = "UIInterfaceOrientationPortrait UIInterfaceOrientationPortraitUpsideDown UIInterfaceOrientationLandscapeLeft UIInterfaceOrientationLandscapeRight";
				INFOPLIST_KEY_UISupportedInterfaceOrientations_iPhone = "UIInterfaceOrientationPortrait UIInterfaceOrientationLandscapeLeft UIInterfaceOrientationLandscapeRight";
				LD_RUNPATH_SEARCH_PATHS = (
					"$(inherited)",
					"@executable_path/Frameworks",
				);
				MARKETING_VERSION = 1.0;
				PRODUCT_BUNDLE_IDENTIFIER = SoftwareProject.hAIr;
				PRODUCT_NAME = "$(TARGET_NAME)";
				SWIFT_EMIT_LOC_STRINGS = YES;
				SWIFT_VERSION = 5.0;
				TARGETED_DEVICE_FAMILY = "1,2";
			};
			name = Release;
		};
/* End XCBuildConfiguration section */

/* Begin XCConfigurationList section */
		1EFB02BD2DCB91BE002C557F /* Build configuration list for PBXProject "hAIr" */ = {
			isa = XCConfigurationList;
			buildConfigurations = (
				1EFB02CE2DCB91C1002C557F /* Debug */,
				1EFB02CF2DCB91C1002C557F /* Release */,
			);
			defaultConfigurationIsVisible = 0;
			defaultConfigurationName = Release;
		};
		1EFB02D02DCB91C1002C557F /* Build configuration list for PBXNativeTarget "hAIr" */ = {
			isa = XCConfigurationList;
			buildConfigurations = (
				1EFB02D12DCB91C1002C557F /* Debug */,
				1EFB02D22DCB91C1002C557F /* Release */,
			);
			defaultConfigurationIsVisible = 0;
			defaultConfigurationName = Release;
		};
/* End XCConfigurationList section */

/* Begin XCRemoteSwiftPackageReference section */
		483BA7DE2DD0DA0D007C0053 /* XCRemoteSwiftPackageReference "Moya" */ = {
			isa = XCRemoteSwiftPackageReference;
			repositoryURL = "https://github.com/Moya/Moya";
			requirement = {
				kind = upToNextMajorVersion;
				minimumVersion = 15.0.3;
			};
		};
		483BA8052DD0E5C3007C0053 /* XCRemoteSwiftPackageReference "kakao-ios-sdk" */ = {
			isa = XCRemoteSwiftPackageReference;
			repositoryURL = "https://github.com/kakao/kakao-ios-sdk";
			requirement = {
				kind = upToNextMajorVersion;
				minimumVersion = 2.24.1;
			};
		};
/* End XCRemoteSwiftPackageReference section */

/* Begin XCSwiftPackageProductDependency section */
		483BA7DF2DD0DA0D007C0053 /* Moya */ = {
			isa = XCSwiftPackageProductDependency;
			package = 483BA7DE2DD0DA0D007C0053 /* XCRemoteSwiftPackageReference "Moya" */;
			productName = Moya;
		};
		483BA8062DD0E5C3007C0053 /* KakaoSDK */ = {
			isa = XCSwiftPackageProductDependency;
			package = 483BA8052DD0E5C3007C0053 /* XCRemoteSwiftPackageReference "kakao-ios-sdk" */;
			productName = KakaoSDK;
		};
		483BA8082DD0E5C3007C0053 /* KakaoSDKAuth */ = {
			isa = XCSwiftPackageProductDependency;
			package = 483BA8052DD0E5C3007C0053 /* XCRemoteSwiftPackageReference "kakao-ios-sdk" */;
			productName = KakaoSDKAuth;
		};
		483BA80A2DD0E5C3007C0053 /* KakaoSDKCommon */ = {
			isa = XCSwiftPackageProductDependency;
			package = 483BA8052DD0E5C3007C0053 /* XCRemoteSwiftPackageReference "kakao-ios-sdk" */;
			productName = KakaoSDKCommon;
		};
		483BA80C2DD0E5C3007C0053 /* KakaoSDKShare */ = {
			isa = XCSwiftPackageProductDependency;
			package = 483BA8052DD0E5C3007C0053 /* XCRemoteSwiftPackageReference "kakao-ios-sdk" */;
			productName = KakaoSDKShare;
		};
		483BA80F2DD0E616007C0053 /* KakaoSDKUser */ = {
			isa = XCSwiftPackageProductDependency;
			package = 483BA8052DD0E5C3007C0053 /* XCRemoteSwiftPackageReference "kakao-ios-sdk" */;
			productName = KakaoSDKUser;
		};
		483BA8112DD0E620007C0053 /* KakaoSDKFriend */ = {
			isa = XCSwiftPackageProductDependency;
			package = 483BA8052DD0E5C3007C0053 /* XCRemoteSwiftPackageReference "kakao-ios-sdk" */;
			productName = KakaoSDKFriend;
		};
/* End XCSwiftPackageProductDependency section */
	};
	rootObject = 1EFB02BA2DCB91BE002C557F /* Project object */;
}
